
Microsoft Visual Studio Solution File, Format Version 12.00
# Visual Studio Version 16
VisualStudioVersion = 16.0.31112.23
MinimumVisualStudioVersion = 10.0.40219.1
Project("{888888A0-9F3D-457C-B088-3A5042F75D52}") = "CTA-Projekti", "CTA-Projekti\CTA-Projekti.pyproj", "{19D33962-4D9D-4FA1-9774-9DF96FC79C8E}"
EndProject
Global
	GlobalSection(SolutionConfigurationPlatforms) = preSolution
		Debug|Any CPU = Debug|Any CPU
		Release|Any CPU = Release|Any CPU
	EndGlobalSection
	GlobalSection(ProjectConfigurationPlatforms) = postSolution
		{19D33962-4D9D-4FA1-9774-9DF96FC79C8E}.Debug|Any CPU.ActiveCfg = Debug|Any CPU
		{19D33962-4D9D-4FA1-9774-9DF96FC79C8E}.Release|Any CPU.ActiveCfg = Release|Any CPU
	EndGlobalSection
	GlobalSection(SolutionProperties) = preSolution
		HideSolutionNode = FALSE
	EndGlobalSection
	GlobalSection(ExtensibilityGlobals) = postSolution
		SolutionGuid = {6FBC7ECA-151C-45B9-BB47-1FA1C3BAF1E9}
	EndGlobalSection
EndGlobal
